
Microsoft Visual Studio Solution File, Format Version 12.00
# Visual Studio Version 17
VisualStudioVersion = 17.0.31903.59
MinimumVisualStudioVersion = 10.0.40219.1
Project("{2150E333-8FDC-42A3-9474-1A3956D46DE8}") = "src", "src", "{F2E58728-3C07-4A13-8B0C-7D5732ADF0F2}"
EndProject
Project("{FAE04EC0-301F-11D3-BF4B-00C04F79EFBC}") = "ScoreEngine.Core", "src\ScoreEngine.Core\ScoreEngine.Core.csproj", "{39611273-7FAF-404A-ADA1-E36097E9244F}"
EndProject
Project("{FAE04EC0-301F-11D3-BF4B-00C04F79EFBC}") = "ScoreEngine.Cli", "src\ScoreEngine.Cli\ScoreEngine.Cli.csproj", "{3D328FC0-192A-4222-A9A4-A77669032FAB}"
EndProject
Project("{2150E333-8FDC-42A3-9474-1A3956D46DE8}") = "tests", "tests", "{FCB9396B-18E9-421B-A600-E851264D834E}"
EndProject
Project("{FAE04EC0-301F-11D3-BF4B-00C04F79EFBC}") = "ScoreEngine.Tests", "tests\ScoreEngine.Tests\ScoreEngine.Tests.csproj", "{5C82CD52-EB5E-4BF1-B2ED-C63A798FCE74}"
EndProject
Global
	GlobalSection(SolutionConfigurationPlatforms) = preSolution
		Debug|Any CPU = Debug|Any CPU
		Release|Any CPU = Release|Any CPU
	EndGlobalSection
	GlobalSection(SolutionProperties) = preSolution
		HideSolutionNode = FALSE
	EndGlobalSection
	GlobalSection(ProjectConfigurationPlatforms) = postSolution
		{39611273-7FAF-404A-ADA1-E36097E9244F}.Debug|Any CPU.ActiveCfg = Debug|Any CPU
		{39611273-7FAF-404A-ADA1-E36097E9244F}.Debug|Any CPU.Build.0 = Debug|Any CPU
		{39611273-7FAF-404A-ADA1-E36097E9244F}.Release|Any CPU.ActiveCfg = Release|Any CPU
		{39611273-7FAF-404A-ADA1-E36097E9244F}.Release|Any CPU.Build.0 = Release|Any CPU
		{3D328FC0-192A-4222-A9A4-A77669032FAB}.Debug|Any CPU.ActiveCfg = Debug|Any CPU
		{3D328FC0-192A-4222-A9A4-A77669032FAB}.Debug|Any CPU.Build.0 = Debug|Any CPU
		{3D328FC0-192A-4222-A9A4-A77669032FAB}.Release|Any CPU.ActiveCfg = Release|Any CPU
		{3D328FC0-192A-4222-A9A4-A77669032FAB}.Release|Any CPU.Build.0 = Release|Any CPU
		{5C82CD52-EB5E-4BF1-B2ED-C63A798FCE74}.Debug|Any CPU.ActiveCfg = Debug|Any CPU
		{5C82CD52-EB5E-4BF1-B2ED-C63A798FCE74}.Debug|Any CPU.Build.0 = Debug|Any CPU
		{5C82CD52-EB5E-4BF1-B2ED-C63A798FCE74}.Release|Any CPU.ActiveCfg = Release|Any CPU
		{5C82CD52-EB5E-4BF1-B2ED-C63A798FCE74}.Release|Any CPU.Build.0 = Release|Any CPU
	EndGlobalSection
	GlobalSection(NestedProjects) = preSolution
		{39611273-7FAF-404A-ADA1-E36097E9244F} = {F2E58728-3C07-4A13-8B0C-7D5732ADF0F2}
		{3D328FC0-192A-4222-A9A4-A77669032FAB} = {F2E58728-3C07-4A13-8B0C-7D5732ADF0F2}
		{5C82CD52-EB5E-4BF1-B2ED-C63A798FCE74} = {FCB9396B-18E9-421B-A600-E851264D834E}
	EndGlobalSection
EndGlobal
